%{"bbmustache": {:hex, :bbmustache, "1.0.1"},
  "conform": {:hex, :conform, "0.14.4"},
  "dotenv": {:hex, :dotenv, "1.0.0"},
  "erlware_commons": {:hex, :erlware_commons, "0.13.0"},
  "exjsx": {:hex, :exjsx, "3.1.0"},
  "exrm": {:hex, :exrm, "0.17.1"},
  "getopt": {:hex, :getopt, "0.8.2"},
  "hackney": {:hex, :hackney, "1.1.0"},
  "httpoison": {:hex, :httpoison, "0.6.2"},
  "idna": {:hex, :idna, "1.0.2"},
  "jsx": {:hex, :jsx, "2.4.0"},
  "providers": {:hex, :providers, "1.4.1"},
  "relx": {:hex, :relx, "2.1.1"},
  "slack": {:git, "git://github.com/waynehoover/Elixir-Slack.git", "c5f47568cee85007d35797c13eb3bced9a05e2e8", []},
  "ssl_verify_hostname": {:hex, :ssl_verify_hostname, "1.0.5"},
  "websocket_client": {:git, "git://github.com/jeremyong/websocket_client.git", "f6892c8b55004008ce2d52be7d98b156f3e34569", []}}
